
Microsoft Visual Studio Solution File, Format Version 12.00
# Visual Studio Version 17
VisualStudioVersion = 17.11.35312.102
MinimumVisualStudioVersion = 10.0.40219.1
Project("{FAE04EC0-301F-11D3-BF4B-00C04F79EFBC}") = "Homework1ConsoleApp", "Homework1ConsoleApp\Homework1ConsoleApp.csproj", "{6BCB0689-011F-420B-AF21-0228C1A74E97}"
EndProject
Global
	GlobalSection(SolutionConfigurationPlatforms) = preSolution
		Debug|Any CPU = Debug|Any CPU
		Release|Any CPU = Release|Any CPU
	EndGlobalSection
	GlobalSection(ProjectConfigurationPlatforms) = postSolution
		{6BCB0689-011F-420B-AF21-0228C1A74E97}.Debug|Any CPU.ActiveCfg = Debug|Any CPU
		{6BCB0689-011F-420B-AF21-0228C1A74E97}.Debug|Any CPU.Build.0 = Debug|Any CPU
		{6BCB0689-011F-420B-AF21-0228C1A74E97}.Release|Any CPU.ActiveCfg = Release|Any CPU
		{6BCB0689-011F-420B-AF21-0228C1A74E97}.Release|Any CPU.Build.0 = Release|Any CPU
	EndGlobalSection
	GlobalSection(SolutionProperties) = preSolution
		HideSolutionNode = FALSE
	EndGlobalSection
	GlobalSection(ExtensibilityGlobals) = postSolution
		SolutionGuid = {BC19B77A-8EBD-4BAE-A2BE-D0C89AB3AF69}
	EndGlobalSection
EndGlobal
